
Microsoft Visual Studio Solution File, Format Version 12.00
# Visual Studio Version 17
VisualStudioVersion = 17.0.31919.166
MinimumVisualStudioVersion = 10.0.40219.1
Project("{FAE04EC0-301F-11D3-BF4B-00C04F79EFBC}") = "AnimalShelter_Labb2", "AnimalShelter_Labb2\AnimalShelter_Labb2.csproj", "{91C2B9DB-5FAC-4BF7-94AF-14D57FF54B2D}"
EndProject
Global
	GlobalSection(SolutionConfigurationPlatforms) = preSolution
		Debug|Any CPU = Debug|Any CPU
		Release|Any CPU = Release|Any CPU
	EndGlobalSection
	GlobalSection(ProjectConfigurationPlatforms) = postSolution
		{91C2B9DB-5FAC-4BF7-94AF-14D57FF54B2D}.Debug|Any CPU.ActiveCfg = Debug|Any CPU
		{91C2B9DB-5FAC-4BF7-94AF-14D57FF54B2D}.Debug|Any CPU.Build.0 = Debug|Any CPU
		{91C2B9DB-5FAC-4BF7-94AF-14D57FF54B2D}.Release|Any CPU.ActiveCfg = Release|Any CPU
		{91C2B9DB-5FAC-4BF7-94AF-14D57FF54B2D}.Release|Any CPU.Build.0 = Release|Any CPU
	EndGlobalSection
	GlobalSection(SolutionProperties) = preSolution
		HideSolutionNode = FALSE
	EndGlobalSection
	GlobalSection(ExtensibilityGlobals) = postSolution
		SolutionGuid = {9E0E78EA-3168-46CB-A038-3F23E48EEFA9}
	EndGlobalSection
EndGlobal
